
Microsoft Visual Studio Solution File, Format Version 12.00
# Visual Studio Version 17
VisualStudioVersion = 17.1.32228.430
MinimumVisualStudioVersion = 10.0.40219.1
Project("{FAE04EC0-301F-11D3-BF4B-00C04F79EFBC}") = "FinancialManager", "FinancialManager.csproj", "{8411B029-9AC8-424F-B425-D803414C3DDF}"
EndProject
Global
	GlobalSection(SolutionConfigurationPlatforms) = preSolution
		Debug|Any CPU = Debug|Any CPU
		Release|Any CPU = Release|Any CPU
	EndGlobalSection
	GlobalSection(ProjectConfigurationPlatforms) = postSolution
		{8411B029-9AC8-424F-B425-D803414C3DDF}.Debug|Any CPU.ActiveCfg = Debug|Any CPU
		{8411B029-9AC8-424F-B425-D803414C3DDF}.Debug|Any CPU.Build.0 = Debug|Any CPU
		{8411B029-9AC8-424F-B425-D803414C3DDF}.Release|Any CPU.ActiveCfg = Release|Any CPU
		{8411B029-9AC8-424F-B425-D803414C3DDF}.Release|Any CPU.Build.0 = Release|Any CPU
	EndGlobalSection
	GlobalSection(SolutionProperties) = preSolution
		HideSolutionNode = FALSE
	EndGlobalSection
	GlobalSection(ExtensibilityGlobals) = postSolution
		SolutionGuid = {51636C1E-0882-4B4F-913A-CF59D5267219}
	EndGlobalSection
EndGlobal
